
Microsoft Visual Studio Solution File, Format Version 12.00
# Visual Studio Version 16
VisualStudioVersion = 16.0.30413.136
MinimumVisualStudioVersion = 10.0.40219.1
Project("{FAE04EC0-301F-11D3-BF4B-00C04F79EFBC}") = "FileRenamer", "FileRenamer.csproj", "{D0E94495-A6B1-40FD-8BD9-AC3D66447010}"
EndProject
Global
	GlobalSection(SolutionConfigurationPlatforms) = preSolution
		Debug|Any CPU = Debug|Any CPU
		Release|Any CPU = Release|Any CPU
	EndGlobalSection
	GlobalSection(ProjectConfigurationPlatforms) = postSolution
		{D0E94495-A6B1-40FD-8BD9-AC3D66447010}.Debug|Any CPU.ActiveCfg = Debug|Any CPU
		{D0E94495-A6B1-40FD-8BD9-AC3D66447010}.Debug|Any CPU.Build.0 = Debug|Any CPU
		{D0E94495-A6B1-40FD-8BD9-AC3D66447010}.Release|Any CPU.ActiveCfg = Release|Any CPU
		{D0E94495-A6B1-40FD-8BD9-AC3D66447010}.Release|Any CPU.Build.0 = Release|Any CPU
	EndGlobalSection
	GlobalSection(SolutionProperties) = preSolution
		HideSolutionNode = FALSE
	EndGlobalSection
	GlobalSection(ExtensibilityGlobals) = postSolution
		SolutionGuid = {7CE41CC8-7FEB-412B-92C9-16783615AB57}
	EndGlobalSection
EndGlobal
